
Microsoft Visual Studio Solution File, Format Version 12.00
# Visual Studio 2013
VisualStudioVersion = 12.0.40629.0
MinimumVisualStudioVersion = 10.0.40219.1
Project("{FAE04EC0-301F-11D3-BF4B-00C04F79EFBC}") = "MyFX.Repository.Ef", "MyFX.Repository.Ef\MyFX.Repository.Ef.csproj", "{67A395F3-F4CB-4D60-818A-C197AFC3319F}"
EndProject
Project("{FAE04EC0-301F-11D3-BF4B-00C04F79EFBC}") = "MyFX.Repository.Test", "MyFX.Repository.Test\MyFX.Repository.Test.csproj", "{292850E2-F0DE-4404-A357-CC49A1BCCC26}"
EndProject
Project("{FAE04EC0-301F-11D3-BF4B-00C04F79EFBC}") = "MyFX.Core", "MyFX.Core\MyFX.Core.csproj", "{08746B43-A5AD-406D-AB88-0F2D7FC8C722}"
EndProject
Project("{FAE04EC0-301F-11D3-BF4B-00C04F79EFBC}") = "MyFX.FluentValidation.Extension", "MyFX.FluentValidation.Extension\MyFX.FluentValidation.Extension.csproj", "{4AFF08CE-1FD2-4F2F-82B9-264D4D555526}"
EndProject
Project("{2150E333-8FDC-42A3-9474-1A3956D46DE8}") = "0-Core", "0-Core", "{496D3CE7-0968-4577-B5CE-456846474B58}"
EndProject
Project("{2150E333-8FDC-42A3-9474-1A3956D46DE8}") = "1-Test", "1-Test", "{4F5C006C-F168-4F6B-AFFE-A4A03D2145B1}"
EndProject
Project("{FAE04EC0-301F-11D3-BF4B-00C04F79EFBC}") = "MyFX.Log.Log4Net", "MyFX.Log.Log4Net\MyFX.Log.Log4Net.csproj", "{01435FB6-277B-4FCB-9778-83B0C3E71F9A}"
EndProject
Project("{FAE04EC0-301F-11D3-BF4B-00C04F79EFBC}") = "MyFX.RestSharp", "MyFX.RestSharp\MyFX.RestSharp.csproj", "{91942043-64F0-421E-AE8E-9AD8706C3076}"
EndProject
Project("{FAE04EC0-301F-11D3-BF4B-00C04F79EFBC}") = "MyFX.WCF.Test", "MyFX.WCF.Test\MyFX.WCF.Test.csproj", "{B1E3317E-D673-45F5-BC54-A7FF86FB9354}"
EndProject
Global
	GlobalSection(SolutionConfigurationPlatforms) = preSolution
		Debug|Any CPU = Debug|Any CPU
		Release|Any CPU = Release|Any CPU
	EndGlobalSection
	GlobalSection(ProjectConfigurationPlatforms) = postSolution
		{67A395F3-F4CB-4D60-818A-C197AFC3319F}.Debug|Any CPU.ActiveCfg = Debug|Any CPU
		{67A395F3-F4CB-4D60-818A-C197AFC3319F}.Debug|Any CPU.Build.0 = Debug|Any CPU
		{67A395F3-F4CB-4D60-818A-C197AFC3319F}.Release|Any CPU.ActiveCfg = Release|Any CPU
		{67A395F3-F4CB-4D60-818A-C197AFC3319F}.Release|Any CPU.Build.0 = Release|Any CPU
		{292850E2-F0DE-4404-A357-CC49A1BCCC26}.Debug|Any CPU.ActiveCfg = Debug|Any CPU
		{292850E2-F0DE-4404-A357-CC49A1BCCC26}.Debug|Any CPU.Build.0 = Debug|Any CPU
		{292850E2-F0DE-4404-A357-CC49A1BCCC26}.Release|Any CPU.ActiveCfg = Release|Any CPU
		{292850E2-F0DE-4404-A357-CC49A1BCCC26}.Release|Any CPU.Build.0 = Release|Any CPU
		{08746B43-A5AD-406D-AB88-0F2D7FC8C722}.Debug|Any CPU.ActiveCfg = Debug|Any CPU
		{08746B43-A5AD-406D-AB88-0F2D7FC8C722}.Debug|Any CPU.Build.0 = Debug|Any CPU
		{08746B43-A5AD-406D-AB88-0F2D7FC8C722}.Release|Any CPU.ActiveCfg = Release|Any CPU
		{08746B43-A5AD-406D-AB88-0F2D7FC8C722}.Release|Any CPU.Build.0 = Release|Any CPU
		{4AFF08CE-1FD2-4F2F-82B9-264D4D555526}.Debug|Any CPU.ActiveCfg = Debug|Any CPU
		{4AFF08CE-1FD2-4F2F-82B9-264D4D555526}.Debug|Any CPU.Build.0 = Debug|Any CPU
		{4AFF08CE-1FD2-4F2F-82B9-264D4D555526}.Release|Any CPU.ActiveCfg = Release|Any CPU
		{4AFF08CE-1FD2-4F2F-82B9-264D4D555526}.Release|Any CPU.Build.0 = Release|Any CPU
		{01435FB6-277B-4FCB-9778-83B0C3E71F9A}.Debug|Any CPU.ActiveCfg = Debug|Any CPU
		{01435FB6-277B-4FCB-9778-83B0C3E71F9A}.Debug|Any CPU.Build.0 = Debug|Any CPU
		{01435FB6-277B-4FCB-9778-83B0C3E71F9A}.Release|Any CPU.ActiveCfg = Release|Any CPU
		{01435FB6-277B-4FCB-9778-83B0C3E71F9A}.Release|Any CPU.Build.0 = Release|Any CPU
		{91942043-64F0-421E-AE8E-9AD8706C3076}.Debug|Any CPU.ActiveCfg = Debug|Any CPU
		{91942043-64F0-421E-AE8E-9AD8706C3076}.Debug|Any CPU.Build.0 = Debug|Any CPU
		{91942043-64F0-421E-AE8E-9AD8706C3076}.Release|Any CPU.ActiveCfg = Release|Any CPU
		{91942043-64F0-421E-AE8E-9AD8706C3076}.Release|Any CPU.Build.0 = Release|Any CPU
		{B1E3317E-D673-45F5-BC54-A7FF86FB9354}.Debug|Any CPU.ActiveCfg = Debug|Any CPU
		{B1E3317E-D673-45F5-BC54-A7FF86FB9354}.Debug|Any CPU.Build.0 = Debug|Any CPU
		{B1E3317E-D673-45F5-BC54-A7FF86FB9354}.Release|Any CPU.ActiveCfg = Release|Any CPU
		{B1E3317E-D673-45F5-BC54-A7FF86FB9354}.Release|Any CPU.Build.0 = Release|Any CPU
	EndGlobalSection
	GlobalSection(SolutionProperties) = preSolution
		HideSolutionNode = FALSE
	EndGlobalSection
	GlobalSection(NestedProjects) = preSolution
		{67A395F3-F4CB-4D60-818A-C197AFC3319F} = {496D3CE7-0968-4577-B5CE-456846474B58}
		{292850E2-F0DE-4404-A357-CC49A1BCCC26} = {4F5C006C-F168-4F6B-AFFE-A4A03D2145B1}
		{08746B43-A5AD-406D-AB88-0F2D7FC8C722} = {496D3CE7-0968-4577-B5CE-456846474B58}
		{4AFF08CE-1FD2-4F2F-82B9-264D4D555526} = {496D3CE7-0968-4577-B5CE-456846474B58}
		{01435FB6-277B-4FCB-9778-83B0C3E71F9A} = {496D3CE7-0968-4577-B5CE-456846474B58}
		{91942043-64F0-421E-AE8E-9AD8706C3076} = {496D3CE7-0968-4577-B5CE-456846474B58}
		{B1E3317E-D673-45F5-BC54-A7FF86FB9354} = {4F5C006C-F168-4F6B-AFFE-A4A03D2145B1}
	EndGlobalSection
EndGlobal
